
Microsoft Visual Studio Solution File, Format Version 12.00
# Visual Studio Version 17
VisualStudioVersion = 17.8.34525.116
MinimumVisualStudioVersion = 10.0.40219.1
Project("{FAE04EC0-301F-11D3-BF4B-00C04F79EFBC}") = "RealtimeBargainingAPI", "RealtimeBargainingAPI\RealtimeBargainingAPI.csproj", "{C462BE0A-7011-43E9-9742-80A56226B937}"
EndProject
Global
	GlobalSection(SolutionConfigurationPlatforms) = preSolution
		Debug|Any CPU = Debug|Any CPU
		Release|Any CPU = Release|Any CPU
	EndGlobalSection
	GlobalSection(ProjectConfigurationPlatforms) = postSolution
		{C462BE0A-7011-43E9-9742-80A56226B937}.Debug|Any CPU.ActiveCfg = Debug|Any CPU
		{C462BE0A-7011-43E9-9742-80A56226B937}.Debug|Any CPU.Build.0 = Debug|Any CPU
		{C462BE0A-7011-43E9-9742-80A56226B937}.Release|Any CPU.ActiveCfg = Release|Any CPU
		{C462BE0A-7011-43E9-9742-80A56226B937}.Release|Any CPU.Build.0 = Release|Any CPU
	EndGlobalSection
	GlobalSection(SolutionProperties) = preSolution
		HideSolutionNode = FALSE
	EndGlobalSection
	GlobalSection(ExtensibilityGlobals) = postSolution
		SolutionGuid = {2A257833-DB52-479F-AE0B-3B480E69F7A5}
	EndGlobalSection
EndGlobal
